
Microsoft Visual Studio Solution File, Format Version 12.00
# Visual Studio Version 17
VisualStudioVersion = 17.1.32328.378
MinimumVisualStudioVersion = 10.0.40219.1
Project("{9A19103F-16F7-4668-BE54-9A1E7A4F7556}") = "BattlePlanner3000", "Battle Planner 3000\BattlePlanner3000.csproj", "{46FEB705-F5DD-40AC-A793-4A167BF16BEE}"
EndProject
Project("{9A19103F-16F7-4668-BE54-9A1E7A4F7556}") = "Resource", "Resource\Resource.csproj", "{5AD2FDB5-7F15-438F-8B2A-1BDDEF08DA0B}"
EndProject
Project("{9A19103F-16F7-4668-BE54-9A1E7A4F7556}") = "File", "Files\File.csproj", "{63050578-5DDE-4A35-AC4B-F53FA491EEC1}"
EndProject
Project("{9A19103F-16F7-4668-BE54-9A1E7A4F7556}") = "BattleUnit", "Unit\BattleUnit.csproj", "{E67155A5-2628-40B0-A24A-03DF3DCC9AA7}"
EndProject
Project("{9A19103F-16F7-4668-BE54-9A1E7A4F7556}") = "Helpers", "Helpers\Helpers.csproj", "{6DF2B23B-808A-4428-9CE1-C9FF13EAB1BE}"
EndProject
Global
	GlobalSection(SolutionConfigurationPlatforms) = preSolution
		Debug|Any CPU = Debug|Any CPU
		Release|Any CPU = Release|Any CPU
	EndGlobalSection
	GlobalSection(ProjectConfigurationPlatforms) = postSolution
		{46FEB705-F5DD-40AC-A793-4A167BF16BEE}.Debug|Any CPU.ActiveCfg = Debug|Any CPU
		{46FEB705-F5DD-40AC-A793-4A167BF16BEE}.Debug|Any CPU.Build.0 = Debug|Any CPU
		{46FEB705-F5DD-40AC-A793-4A167BF16BEE}.Release|Any CPU.ActiveCfg = Release|Any CPU
		{46FEB705-F5DD-40AC-A793-4A167BF16BEE}.Release|Any CPU.Build.0 = Release|Any CPU
		{5AD2FDB5-7F15-438F-8B2A-1BDDEF08DA0B}.Debug|Any CPU.ActiveCfg = Debug|Any CPU
		{5AD2FDB5-7F15-438F-8B2A-1BDDEF08DA0B}.Debug|Any CPU.Build.0 = Debug|Any CPU
		{5AD2FDB5-7F15-438F-8B2A-1BDDEF08DA0B}.Release|Any CPU.ActiveCfg = Release|Any CPU
		{5AD2FDB5-7F15-438F-8B2A-1BDDEF08DA0B}.Release|Any CPU.Build.0 = Release|Any CPU
		{63050578-5DDE-4A35-AC4B-F53FA491EEC1}.Debug|Any CPU.ActiveCfg = Debug|Any CPU
		{63050578-5DDE-4A35-AC4B-F53FA491EEC1}.Debug|Any CPU.Build.0 = Debug|Any CPU
		{63050578-5DDE-4A35-AC4B-F53FA491EEC1}.Release|Any CPU.ActiveCfg = Release|Any CPU
		{63050578-5DDE-4A35-AC4B-F53FA491EEC1}.Release|Any CPU.Build.0 = Release|Any CPU
		{E67155A5-2628-40B0-A24A-03DF3DCC9AA7}.Debug|Any CPU.ActiveCfg = Debug|Any CPU
		{E67155A5-2628-40B0-A24A-03DF3DCC9AA7}.Debug|Any CPU.Build.0 = Debug|Any CPU
		{E67155A5-2628-40B0-A24A-03DF3DCC9AA7}.Release|Any CPU.ActiveCfg = Release|Any CPU
		{E67155A5-2628-40B0-A24A-03DF3DCC9AA7}.Release|Any CPU.Build.0 = Release|Any CPU
		{6DF2B23B-808A-4428-9CE1-C9FF13EAB1BE}.Debug|Any CPU.ActiveCfg = Debug|Any CPU
		{6DF2B23B-808A-4428-9CE1-C9FF13EAB1BE}.Debug|Any CPU.Build.0 = Debug|Any CPU
		{6DF2B23B-808A-4428-9CE1-C9FF13EAB1BE}.Release|Any CPU.ActiveCfg = Release|Any CPU
		{6DF2B23B-808A-4428-9CE1-C9FF13EAB1BE}.Release|Any CPU.Build.0 = Release|Any CPU
	EndGlobalSection
	GlobalSection(SolutionProperties) = preSolution
		HideSolutionNode = FALSE
	EndGlobalSection
	GlobalSection(ExtensibilityGlobals) = postSolution
		SolutionGuid = {13D07EB4-BECA-4FF3-AECF-5E0839107704}
	EndGlobalSection
EndGlobal
